{
    "_readme": [
        "This file locks the dependencies of your project to a known state",
        "Read more about it at https://getcomposer.org/doc/01-basic-usage.md#installing-dependencies",
        "This file is @generated automatically"
    ],
    "content-hash": "9ea9456f4d0cd5b4294f300981c4b3f1",
    "packages": [
        {
            "name": "2checkoutv2/2checkout-php-sdk",
            "version": "V1",
            "source": {
                "type": "git",
                "url": "https://github.com/pronabsen/2checkout-php-sdk.git",
                "reference": "d1f936cd9945ce8572412c53af218812f11c1525"
            },
            "dist": {
                "type": "zip",
                "url": "https://api.github.com/repos/pronabsen/2checkout-php-sdk/zipball/d1f936cd9945ce8572412c53af218812f11c1525",
                "reference": "d1f936cd9945ce8572412c53af218812f11c1525",
                "shasum": ""
            },
            "require": {
                "ext-curl": "*",
                "ext-json": "*",
                "php": ">=5.6"
            },
            "require-dev": {
                "phpunit/phpunit": "^5 || ^9"
            },
            "type": "library",
            "autoload": {
                "psr-4": {
                    "Tco\\": "src/Tco/"
                }
            },
            "notification-url": "https://packagist.org/downloads/",
            "authors": [
                {
                    "name": "Verifone Connectors Team",
                    "email": "support@2checkout.com",
                    "homepage": "https://github.com/2Checkout/2checkout-php-sdk"
                }
            ],
            "description": "2Checkout PHP SDK by Verifone",
            "homepage": "https://github.com/2Checkout/2checkout-php-sdk",
            "keywords": [
                "2checkout",
                "2co",
                "gateway",
                "payment",
                "verifone"
            ],
            "support": {
                "source": "https://github.com/pronabsen/2checkout-php-sdk/tree/V1"
            },
            "time": "2023-10-12T15:04:41+00:00"
        },
        {
            "name": "anandsiddharth/laravel-paytm-wallet",
            "version": "v2.0.0",
            "source": {
                "type": "git",
                "url": "https://github.com/anandsiddharth/laravel-paytm-wallet.git",
                "reference": "5342add0719e9c5ca94fdd13f766e6a810f2ef45"
            },
            "dist": {
                "type": "zip",
                "url": "https://api.github.com/repos/anandsiddharth/laravel-paytm-wallet/zipball/5342add0719e9c5ca94fdd13f766e6a810f2ef45",
                "reference": "5342add0719e9c5ca94fdd13f766e6a810f2ef45",
                "shasum": ""
            },
            "require": {
                "illuminate/contracts": ">=8.0",
                "illuminate/support": ">=8.0",
                "php": ">=7.3.0"
            },
            "type": "library",
            "extra": {
                "laravel": {
                    "aliases": {
                        "PaytmWallet": "Anand\\LaravelPaytmWallet\\Facades\\PaytmWallet"
                    },
                    "providers": [
                        "Anand\\LaravelPaytmWallet\\PaytmWalletServiceProvider"
                    ]
                }
            },
            "autoload": {
                "psr-4": {
                    "Anand\\LaravelPaytmWallet\\": "src/"
                }
            },
            "notification-url": "https://packagist.org/downloads/",
            "license": [
                "MIT"
            ],
            "authors": [
                {
                    "name": "Anand Siddharth",
                    "email": "anandsiddharth21@gmail.com"
                }
            ],
            "description": "Integrate paytm wallet easily with this package. This package uses official Paytm PHP SDK's",
            "keywords": [
                "laravel",
                "paytm wallet"
            ],
            "support": {
                "issues": "https://github.com/anandsiddharth/laravel-paytm-wallet/issues",
                "source": "https://github.com/anandsiddharth/laravel-paytm-wallet/tree/v2.0.0"
            },
            "time": "2020-10-28T06:22:20+00:00"
        },
        {
            "name": "aws/aws-crt-php",
            "version": "v1.2.7",
            "source": {
                "type": "git",
                "url": "https://github.com/awslabs/aws-crt-php.git",
                "reference": "d71d9906c7bb63a28295447ba12e74723bd3730e"
            },
            "dist": {
                "type": "zip",
                "url": "https://api.github.com/repos/awslabs/aws-crt-php/zipball/d71d9906c7bb63a28295447ba12e74723bd3730e",
                "reference": "d71d9906c7bb63a28295447ba12e74723bd3730e",
                "shasum": ""
            },
            "require": {
                "php": ">=5.5"
            },
            "require-dev": {
                "phpunit/phpunit": "^4.8.35||^5.6.3||^9.5",
                "yoast/phpunit-polyfills": "^1.0"
            },
            "suggest": {
                "ext-awscrt": "Make sure you install awscrt native extension to use any of the functionality."
            },
            "type": "library",
            "autoload": {
                "classmap": [
                    "src/"
                ]
            },
            "notification-url": "https://packagist.org/downloads/",
            "license": [
                "Apache-2.0"
            ],
            "authors": [
                {
                    "name": "AWS SDK Common Runtime Team",
                    "email": "aws-sdk-common-runtime@amazon.com"
                }
            ],
            "description": "AWS Common Runtime for PHP",
            "homepage": "https://github.com/awslabs/aws-crt-php",
            "keywords": [
                "amazon",
                "aws",
                "crt",
                "sdk"
            ],
            "support": {
                "issues": "https://github.com/awslabs/aws-crt-php/issues",
                "source": "https://github.com/awslabs/aws-crt-php/tree/v1.2.7"
            },
            "time": "2024-10-18T22:15:13+00:00"
        },
        {
            "name": "aws/aws-sdk-php",
            "version": "3.342.27",
            "source": {
                "type": "git",
                "url": "https://github.com/aws/aws-sdk-php.git",
                "reference": "4c18299000c34ab4903100fe68721d6f26c7cdf2"
            },
            "dist": {
                "type": "zip",
                "url": "https://api.github.com/repos/aws/aws-sdk-php/zipball/4c18299000c34ab4903100fe68721d6f26c7cdf2",
                "reference": "4c18299000c34ab4903100fe68721d6f26c7cdf2",
                "shasum": ""
            },
            "require": {
                "aws/aws-crt-php": "^1.2.3",
                "ext-json": "*",
                "ext-pcre": "*",
                "ext-simplexml": "*",
                "guzzlehttp/guzzle": "^7.4.5",
                "guzzlehttp/promises": "^2.0",
                "guzzlehttp/psr7": "^2.4.5",
                "mtdowling/jmespath.php": "^2.8.0",
                "php": ">=8.1",
                "psr/http-message": "^2.0"
            },
            "require-dev": {
                "andrewsville/php-token-reflection": "^1.4",
                "aws/aws-php-sns-message-validator": "~1.0",
                "behat/behat": "~3.0",
                "composer/composer": "^2.7.8",
                "dms/phpunit-arraysubset-asserts": "^0.4.0",
                "doctrine/cache": "~1.4",
                "ext-dom": "*",
                "ext-openssl": "*",
                "ext-pcntl": "*",
                "ext-sockets": "*",
                "phpunit/phpunit": "^5.6.3 || ^8.5 || ^9.5",
                "psr/cache": "^2.0 || ^3.0",
                "psr/simple-cache": "^2.0 || ^3.0",
                "sebastian/comparator": "^1.2.3 || ^4.0 || ^5.0",
                "symfony/filesystem": "^v6.4.0 || ^v7.1.0",
                "yoast/phpunit-polyfills": "^2.0"
            },
            "suggest": {
                "aws/aws-php-sns-message-validator": "To validate incoming SNS notifications",
                "doctrine/cache": "To use the DoctrineCacheAdapter",
                "ext-curl": "To send requests using cURL",
                "ext-openssl": "Allows working with CloudFront private distributions and verifying received SNS messages",
                "ext-sockets": "To use client-side monitoring"
            },
            "type": "library",
            "extra": {
                "branch-alias": {
                    "dev-master": "3.0-dev"
                }
            },
            "autoload": {
                "files": [
                    "src/functions.php"
                ],
                "psr-4": {
                    "Aws\\": "src/"
                },
                "exclude-from-classmap": [
                    "src/data/"
                ]
            },
            "notification-url": "https://packagist.org/downloads/",
            "license": [
                "Apache-2.0"
            ],
            "authors": [
                {
                    "name": "Amazon Web Services",
                    "homepage": "http://aws.amazon.com"
                }
            ],
            "description": "AWS SDK for PHP - Use Amazon Web Services in your PHP project",
            "homepage": "http://aws.amazon.com/sdkforphp",
            "keywords": [
                "amazon",
                "aws",
                "cloud",
                "dynamodb",
                "ec2",
                "glacier",
                "s3",
                "sdk"
            ],
            "support": {
                "forum": "https://github.com/aws/aws-sdk-php/discussions",
                "issues": "https://github.com/aws/aws-sdk-php/issues",
                "source": "https://github.com/aws/aws-sdk-php/tree/3.342.27"
            },
            "time": "2025-04-14T18:08:09+00:00"
        },
        {
            "name": "aws/aws-sdk-php-laravel",
            "version": "3.10.0",
            "source": {
                "type": "git",
                "url": "https://github.com/aws/aws-sdk-php-laravel.git",
                "reference": "c1477b1efd43a61238090c0e8f1ede979573dd4b"
            },
            "dist": {
                "type": "zip",
                "url": "https://api.github.com/repos/aws/aws-sdk-php-laravel/zipball/c1477b1efd43a61238090c0e8f1ede979573dd4b",
                "reference": "c1477b1efd43a61238090c0e8f1ede979573dd4b",
                "shasum": ""
            },
            "require": {
                "aws/aws-sdk-php": "^3.338.0",
                "illuminate/support": "^6.0 || ^7.0 || ^8.0 || ^9.0 || ^10.0 || ^11.0 || ^12.0",
                "php": ">=8.1"
            },
            "require-dev": {
                "phpunit/phpunit": "^8.0 || ^9.0",
                "vlucas/phpdotenv": "^1.0 || ^2.0 || ^3.0 || ^4.0 || ^5.0",
                "yoast/phpunit-polyfills": "^1.0"
            },
            "suggest": {
                "laravel/framework": "To test the Laravel bindings",
                "laravel/lumen-framework": "To test the Lumen bindings"
            },
            "type": "library",
            "extra": {
                "laravel": {
                    "aliases": {
                        "AWS": "Aws\\Laravel\\AwsFacade"
                    },
                    "providers": [
                        "Aws\\Laravel\\AwsServiceProvider"
                    ]
                }
            },
            "autoload": {
                "psr-4": {
                    "Aws\\Laravel\\": "src/"
                }
            },
            "notification-url": "https://packagist.org/downloads/",
            "license": [
                "Apache-2.0"
            ],
            "authors": [
                {
                    "name": "Amazon Web Services",
                    "homepage": "http://aws.amazon.com"
                }
            ],
            "description": "A simple Laravel 6/7/8/9/10/11/12 service provider for including the AWS SDK for PHP.",
            "homepage": "https://aws.amazon.com/sdk-for-php/",
            "keywords": [
                "amazon",
                "aws",
                "dynamodb",
                "ec2",
                "laravel",
                "laravel 10",
                "laravel 11",
                "laravel 12",
                "laravel 6",
                "laravel 7",
                "laravel 8",
                "laravel 9",
                "s3",
                "sdk"
            ],
            "support": {
                "issues": "https://github.com/aws/aws-sdk-php-laravel/issues",
                "source": "https://github.com/aws/aws-sdk-php-laravel/tree/3.10.0"
            },
            "time": "2025-02-26T22:25:56+00:00"
        },
        {
            "name": "barryvdh/laravel-dompdf",
            "version": "v3.1.1",
            "source": {
                "type": "git",
                "url": "https://github.com/barryvdh/laravel-dompdf.git",
                "reference": "8e71b99fc53bb8eb77f316c3c452dd74ab7cb25d"
            },
            "dist": {
                "type": "zip",
                "url": "https://api.github.com/repos/barryvdh/laravel-dompdf/zipball/8e71b99fc53bb8eb77f316c3c452dd74ab7cb25d",
                "reference": "8e71b99fc53bb8eb77f316c3c452dd74ab7cb25d",
                "shasum": ""
            },
            "require": {
                "dompdf/dompdf": "^3.0",
                "illuminate/support": "^9|^10|^11|^12",
                "php": "^8.1"
            },
            "require-dev": {
                "larastan/larastan": "^2.7|^3.0",
                "orchestra/testbench": "^7|^8|^9|^10",
                "phpro/grumphp": "^2.5",
                "squizlabs/php_codesniffer": "^3.5"
            },
            "type": "library",
            "extra": {
                "laravel": {
                    "aliases": {
                        "PDF": "Barryvdh\\DomPDF\\Facade\\Pdf",
                        "Pdf": "Barryvdh\\DomPDF\\Facade\\Pdf"
                    },
                    "providers": [
                        "Barryvdh\\DomPDF\\ServiceProvider"
                    ]
                },
                "branch-alias": {
                    "dev-master": "3.0-dev"
                }
            },
            "autoload": {
                "psr-4": {
                    "Barryvdh\\DomPDF\\": "src"
                }
            },
            "notification-url": "https://packagist.org/downloads/",
            "license": [
                "MIT"
            ],
            "authors": [
                {
                    "name": "Barry vd. Heuvel",
                    "email": "barryvdh@gmail.com"
                }
            ],
            "description": "A DOMPDF Wrapper for Laravel",
            "keywords": [
                "dompdf",
                "laravel",
                "pdf"
            ],
            "support": {
                "issues": "https://github.com/barryvdh/laravel-dompdf/issues",
                "source": "https://github.com/barryvdh/laravel-dompdf/tree/v3.1.1"
            },
            "funding": [
                {
                    "url": "https://fruitcake.nl",
                    "type": "custom"
                },
                {
                    "url": "https://github.com/barryvdh",
                    "type": "github"
                }
            ],
            "time": "2025-02-13T15:07:54+00:00"
        },
        {
            "name": "brick/math",
            "version": "0.12.3",
            "source": {
                "type": "git",
                "url": "https://github.com/brick/math.git",
                "reference": "866551da34e9a618e64a819ee1e01c20d8a588ba"
            },
            "dist": {
                "type": "zip",
                "url": "https://api.github.com/repos/brick/math/zipball/866551da34e9a618e64a819ee1e01c20d8a588ba",
                "reference": "866551da34e9a618e64a819ee1e01c20d8a588ba",
                "shasum": ""
            },
            "require": {
                "php": "^8.1"
            },
            "require-dev": {
                "php-coveralls/php-coveralls": "^2.2",
                "phpunit/phpunit": "^10.1",
                "vimeo/psalm": "6.8.8"
            },
            "type": "library",
            "autoload": {
                "psr-4": {
                    "Brick\\Math\\": "src/"
                }
            },
            "notification-url": "https://packagist.org/downloads/",
            "license": [
                "MIT"
            ],
            "description": "Arbitrary-precision arithmetic library",
            "keywords": [
                "Arbitrary-precision",
                "BigInteger",
                "BigRational",
                "arithmetic",
                "bigdecimal",
                "bignum",
                "bignumber",
                "brick",
                "decimal",
                "integer",
                "math",
                "mathematics",
                "rational"
            ],
            "support": {
                "issues": "https://github.com/brick/math/issues",
                "source": "https://github.com/brick/math/tree/0.12.3"
            },
            "funding": [
                {
                    "url": "https://github.com/BenMorel",
                    "type": "github"
                }
            ],
            "time": "2025-02-28T13:11:00+00:00"
        },
        {
            "name": "carbonphp/carbon-doctrine-types",
            "version": "2.1.0",
            "source": {
                "type": "git",
                "url": "https://github.com/CarbonPHP/carbon-doctrine-types.git",
                "reference": "99f76ffa36cce3b70a4a6abce41dba15ca2e84cb"
            },
            "dist": {
                "type": "zip",
                "url": "https://api.github.com/repos/CarbonPHP/carbon-doctrine-types/zipball/99f76ffa36cce3b70a4a6abce41dba15ca2e84cb",
                "reference": "99f76ffa36cce3b70a4a6abce41dba15ca2e84cb",
                "shasum": ""
            },
            "require": {
                "php": "^7.4 || ^8.0"
            },
            "conflict": {
                "doctrine/dbal": "<3.7.0 || >=4.0.0"
            },
            "require-dev": {
                "doctrine/dbal": "^3.7.0",
                "nesbot/carbon": "^2.71.0 || ^3.0.0",
                "phpunit/phpunit": "^10.3"
            },
            "type": "library",
            "autoload": {
                "psr-4": {
                    "Carbon\\Doctrine\\": "src/Carbon/Doctrine/"
                }
            },
            "notification-url": "https://packagist.org/downloads/",
            "license": [
                "MIT"
            ],
            "authors": [
                {
                    "name": "KyleKatarn",
                    "email": "kylekatarnls@gmail.com"
                }
            ],
            "description": "Types to use Carbon in Doctrine",
            "keywords": [
                "carbon",
                "date",
                "datetime",
                "doctrine",
                "time"
            ],
            "support": {
                "issues": "https://github.com/CarbonPHP/carbon-doctrine-types/issues",
                "source": "https://github.com/CarbonPHP/carbon-doctrine-types/tree/2.1.0"
            },
            "funding": [
                {
                    "url": "https://github.com/kylekatarnls",
                    "type": "github"
                },
                {
                    "url": "https://opencollective.com/Carbon",
                    "type": "open_collective"
                },
                {
                    "url": "https://tidelift.com/funding/github/packagist/nesbot/carbon",
                    "type": "tidelift"
                }
            ],
            "time": "2023-12-11T17:09:12+00:00"
        },
        {
            "name": "cashfree/cashfree-pg",
            "version": "4.2.0",
            "source": {
                "type": "git",
                "url": "https://github.com/cashfree/cashfree-pg-sdk-php.git",
                "reference": "87482f5f3f8dd9e7c5a73dfa561bcc19ae9ae8ca"
            },
            "dist": {
                "type": "zip",
                "url": "https://api.github.com/repos/cashfree/cashfree-pg-sdk-php/zipball/87482f5f3f8dd9e7c5a73dfa561bcc19ae9ae8ca",
                "reference": "87482f5f3f8dd9e7c5a73dfa561bcc19ae9ae8ca",
                "shasum": ""
            },
            "require": {
                "ext-curl": "*",
                "ext-json": "*",
                "ext-mbstring": "*",
                "guzzlehttp/guzzle": "^7.3",
                "guzzlehttp/psr7": "^1.7 || ^2.0",
                "php": "^7.2 || ^8.0",
                "sentry/sdk": "^3.4"
            },
            "require-dev": {
                "friendsofphp/php-cs-fixer": "^3.5",
                "phpunit/phpunit": "^8.0 || ^9.0"
            },
            "type": "library",
            "autoload": {
                "psr-4": {
                    "Cashfree\\": "lib/"
                }
            },
            "notification-url": "https://packagist.org/downloads/",
            "license": [
                "Apache-2.0"
            ],
            "authors": [
                {
                    "name": "Cashfree Payments",
                    "homepage": "https://www.cashfree.com"
                }
            ],
            "description": "Cashfree's Payment Gateway APIs provide developers with a streamlined pathway to integrate advanced payment processing capabilities into their applications, platforms and websites.",
            "homepage": "https://www.cashfree.com",
            "keywords": [
                "api",
                "cashfree",
                "payment gateway",
                "php",
                "rest",
                "sdk"
            ],
            "support": {
                "email": "care@cashfree.com",
                "issues": "https://github.com/cashfree/cashfree-pg-sdk-php/issues",
                "source": "https://github.com/cashfree/cashfree-pg-sdk-php"
            },
            "time": "2024-07-12T09:19:56+00:00"
        },
        {
            "name": "clue/stream-filter",
            "version": "v1.7.0",
            "source": {
                "type": "git",
                "url": "https://github.com/clue/stream-filter.git",
                "reference": "049509fef80032cb3f051595029ab75b49a3c2f7"
            },
            "dist": {
                "type": "zip",
                "url": "https://api.github.com/repos/clue/stream-filter/zipball/049509fef80032cb3f051595029ab75b49a3c2f7",
                "reference": "049509fef80032cb3f051595029ab75b49a3c2f7",
                "shasum": ""
            },
            "require": {
                "php": ">=5.3"
            },
            "require-dev": {
                "phpunit/phpunit": "^9.6 || ^5.7 || ^4.8.36"
            },
            "type": "library",
            "autoload": {
                "files": [
                    "src/functions_include.php"
                ],
                "psr-4": {
                    "Clue\\StreamFilter\\": "src/"
                }
            },
            "notification-url": "https://packagist.org/downloads/",
            "license": [
                "MIT"
            ],
            "authors": [
                {
                    "name": "Christian Lück",
                    "email": "christian@clue.engineering"
                }
            ],
            "description": "A simple and modern approach to stream filtering in PHP",
            "homepage": "https://github.com/clue/stream-filter",
            "keywords": [
                "charset",
                "filter",
                "gzip",
                "iconv",
                "stream",
                "zlib"
            ],
            "support": {
                "issues": "https://github.com/clue/stream-filter/issues",
                "source": "https://github.com/clue/stream-filter/tree/v1.7.0"
            },
            "time": "2022-02-21T17:20:41+00:00"
        }
    ],
    "aliases": [],
    "minimum-stability": "stable",
    "stability-flags": [],
    "prefer-stable": true,
    "prefer-lowest": false,
    "platform": {
        "php": "^8.2",
        "ext-http": "*"
    },
    "platform-dev": [],
    "plugin-api-version": "2.6.0"
}
